
Microsoft Visual Studio Solution File, Format Version 12.00
# Visual Studio Version 17
VisualStudioVersion = 17.3.32804.467
MinimumVisualStudioVersion = 10.0.40219.1
Project("{9A19103F-16F7-4668-BE54-9A1E7A4F7556}") = "CustomerDatalayer", "src\CustomerDatalayer\CustomerDatalayer.csproj", "{C161502C-9045-40D4-9EA1-8F51E2AEC24C}"
EndProject
Project("{2150E333-8FDC-42A3-9474-1A3956D46DE8}") = "src", "src", "{E278DDF3-815B-4618-951A-A2C8FB163463}"
EndProject
Project("{2150E333-8FDC-42A3-9474-1A3956D46DE8}") = "tests", "tests", "{42491DC7-3E5F-4C87-B5AF-CB6EA4ADFEC0}"
EndProject
Project("{9A19103F-16F7-4668-BE54-9A1E7A4F7556}") = "CustomerDatalayer.Tests", "tests\CustomerDatalayer.Tests\CustomerDatalayer.Tests.csproj", "{B96A0138-8514-4DE5-A27D-9190FA302793}"
EndProject
Project("{FAE04EC0-301F-11D3-BF4B-00C04F79EFBC}") = "CustomerDatalayerWebMVC", "src\CustomerDatalayerWebMVC\CustomerDatalayerWebMVC.csproj", "{47E85AD2-13FC-48CB-93C6-9A7B29E408EE}"
EndProject
Project("{FAE04EC0-301F-11D3-BF4B-00C04F79EFBC}") = "CustomerDatalayerWebMVC.Tests", "tests\CustomerDatalayerWebMVC.Tests\CustomerDatalayerWebMVC.Tests.csproj", "{46E58E60-C6A7-4677-8839-60929DBD7DCC}"
EndProject
Project("{FAE04EC0-301F-11D3-BF4B-00C04F79EFBC}") = "CustomerDatalayer.Integration.Tests", "tests\CustomerDatalayer.Integration.Tests\CustomerDatalayer.Integration.Tests.csproj", "{3CCA9D56-5DFE-46D8-97E7-D805F2A7DBBE}"
EndProject
Global
	GlobalSection(SolutionConfigurationPlatforms) = preSolution
		Debug|Any CPU = Debug|Any CPU
		Release|Any CPU = Release|Any CPU
	EndGlobalSection
	GlobalSection(ProjectConfigurationPlatforms) = postSolution
		{C161502C-9045-40D4-9EA1-8F51E2AEC24C}.Debug|Any CPU.ActiveCfg = Debug|Any CPU
		{C161502C-9045-40D4-9EA1-8F51E2AEC24C}.Debug|Any CPU.Build.0 = Debug|Any CPU
		{C161502C-9045-40D4-9EA1-8F51E2AEC24C}.Release|Any CPU.ActiveCfg = Release|Any CPU
		{C161502C-9045-40D4-9EA1-8F51E2AEC24C}.Release|Any CPU.Build.0 = Release|Any CPU
		{B96A0138-8514-4DE5-A27D-9190FA302793}.Debug|Any CPU.ActiveCfg = Debug|Any CPU
		{B96A0138-8514-4DE5-A27D-9190FA302793}.Debug|Any CPU.Build.0 = Debug|Any CPU
		{B96A0138-8514-4DE5-A27D-9190FA302793}.Release|Any CPU.ActiveCfg = Release|Any CPU
		{B96A0138-8514-4DE5-A27D-9190FA302793}.Release|Any CPU.Build.0 = Release|Any CPU
		{47E85AD2-13FC-48CB-93C6-9A7B29E408EE}.Debug|Any CPU.ActiveCfg = Debug|Any CPU
		{47E85AD2-13FC-48CB-93C6-9A7B29E408EE}.Debug|Any CPU.Build.0 = Debug|Any CPU
		{47E85AD2-13FC-48CB-93C6-9A7B29E408EE}.Release|Any CPU.ActiveCfg = Release|Any CPU
		{47E85AD2-13FC-48CB-93C6-9A7B29E408EE}.Release|Any CPU.Build.0 = Release|Any CPU
		{46E58E60-C6A7-4677-8839-60929DBD7DCC}.Debug|Any CPU.ActiveCfg = Debug|Any CPU
		{46E58E60-C6A7-4677-8839-60929DBD7DCC}.Debug|Any CPU.Build.0 = Debug|Any CPU
		{46E58E60-C6A7-4677-8839-60929DBD7DCC}.Release|Any CPU.ActiveCfg = Release|Any CPU
		{46E58E60-C6A7-4677-8839-60929DBD7DCC}.Release|Any CPU.Build.0 = Release|Any CPU
		{3CCA9D56-5DFE-46D8-97E7-D805F2A7DBBE}.Debug|Any CPU.ActiveCfg = Debug|Any CPU
		{3CCA9D56-5DFE-46D8-97E7-D805F2A7DBBE}.Debug|Any CPU.Build.0 = Debug|Any CPU
		{3CCA9D56-5DFE-46D8-97E7-D805F2A7DBBE}.Release|Any CPU.ActiveCfg = Release|Any CPU
		{3CCA9D56-5DFE-46D8-97E7-D805F2A7DBBE}.Release|Any CPU.Build.0 = Release|Any CPU
	EndGlobalSection
	GlobalSection(SolutionProperties) = preSolution
		HideSolutionNode = FALSE
	EndGlobalSection
	GlobalSection(NestedProjects) = preSolution
		{C161502C-9045-40D4-9EA1-8F51E2AEC24C} = {E278DDF3-815B-4618-951A-A2C8FB163463}
		{B96A0138-8514-4DE5-A27D-9190FA302793} = {42491DC7-3E5F-4C87-B5AF-CB6EA4ADFEC0}
		{47E85AD2-13FC-48CB-93C6-9A7B29E408EE} = {E278DDF3-815B-4618-951A-A2C8FB163463}
		{46E58E60-C6A7-4677-8839-60929DBD7DCC} = {42491DC7-3E5F-4C87-B5AF-CB6EA4ADFEC0}
		{3CCA9D56-5DFE-46D8-97E7-D805F2A7DBBE} = {42491DC7-3E5F-4C87-B5AF-CB6EA4ADFEC0}
	EndGlobalSection
	GlobalSection(ExtensibilityGlobals) = postSolution
		SolutionGuid = {9E87117F-D1B0-499E-B335-CC166D703DDD}
	EndGlobalSection
EndGlobal
